{
  "name": "villena04",
  "version": "1.0.0",
  "lockfileVersion": 3,
  "requires": true,
  "packages": {
    "": {
      "name": "villena04",
      "version": "1.0.0",
      "license": "ISC",
      "dependencies": {
        "email-validator": "^2.0.4",
        "lower-case": "^3.0.0",
        "to-lower-case": "^1.0.1",
        "uuid": "^9.0.1",
        "validator": "^13.11.0"
      }
    },
    "node_modules/email-validator": {
      "version": "2.0.4",
      "resolved": "https://registry.npmjs.org/email-validator/-/email-validator-2.0.4.tgz",
      "integrity": "sha512-gYCwo7kh5S3IDyZPLZf6hSS0MnZT8QmJFqYvbqlDZSbwdZlY6QZWxJ4i/6UhITOJ4XzyI647Bm2MXKCLqnJ4nQ==",
      "engines": {
        "node": ">4.0"
      }
    },
    "node_modules/lower-case": {
      "version": "3.0.0",
      "resolved": "https://registry.npmjs.org/lower-case/-/lower-case-3.0.0.tgz",
      "integrity": "sha512-KvfWLLeuCsAiu/qKewwRySKdF9ZUU9kuYMNxQWkLBvAe43t1013h7Cef6+I1BJAo9dpioYcM5rXwdQjCoJ3U/A==",
      "deprecated": "Use `str.toLocaleLowerCase` or `str.toLowerCase`"
    },
    "node_modules/to-lower-case": {
      "version": "1.0.1",
      "resolved": "https://registry.npmjs.org/to-lower-case/-/to-lower-case-1.0.1.tgz",
      "integrity": "sha512-VhzCfZmIAvnJPePYLYe97cYlF76S0DS957+JUD0aBwgSmwnZTvokpWnI9x+gWS6o9ON2/nBD7eNu8/cEqxB8og=="
    },
    "node_modules/uuid": {
      "version": "9.0.1",
      "resolved": "https://registry.npmjs.org/uuid/-/uuid-9.0.1.tgz",
      "integrity": "sha512-b+1eJOlsR9K8HJpow9Ok3fiWOWSIcIzXodvv0rQjVoOVNpWMpxf1wZNpt4y9h10odCNrqnYp1OBzRktckBe3sA==",
      "funding": [
        "https://github.com/sponsors/broofa",
        "https://github.com/sponsors/ctavan"
      ],
      "bin": {
        "uuid": "dist/bin/uuid"
      }
    },
    "node_modules/validator": {
      "version": "13.11.0",
      "resolved": "https://registry.npmjs.org/validator/-/validator-13.11.0.tgz",
      "integrity": "sha512-Ii+sehpSfZy+At5nPdnyMhx78fEoPDkR2XW/zimHEL3MyGJQOCQ7WeP20jPYRz7ZCpcKLB21NxuXHF3bxjStBQ==",
      "engines": {
        "node": ">= 0.10"
      }
    }
  }
}
